{
  "name": "permalink-publish",
  "version": "1.0.0",
  "lockfileVersion": 1,
  "requires": true,
  "dependencies": {
    "base58": {
      "version": "1.0.1",
      "resolved": "https://registry.npmjs.org/base58/-/base58-1.0.1.tgz",
      "integrity": "sha512-vvNdu3woSbhFOW3/kXJL37W3Hn9c2+dFXmxVDSmOhc77cNL+3geNdQ6XBiZ/0jDdCBt7CUbXfKQQzptXdLipdw=="
    },
    "biguint-format": {
      "version": "1.0.0",
      "resolved": "https://registry.npmjs.org/biguint-format/-/biguint-format-1.0.0.tgz",
      "integrity": "sha1-4YY/R9/f7TFsyVcm5M2dGZT8jF4="
    },
    "flake-idgen": {
      "version": "1.1.0",
      "resolved": "https://registry.npmjs.org/flake-idgen/-/flake-idgen-1.1.0.tgz",
      "integrity": "sha1-KCw6tWfftIbti+e6YrEhF2YehD0="
    }
  }
}
