{
  "name": "permalink-retrieve",
  "version": "1.0.0",
  "lockfileVersion": 1,
  "requires": true,
  "dependencies": {
    "base58": {
      "version": "1.0.1",
      "resolved": "https://registry.npmjs.org/base58/-/base58-1.0.1.tgz",
      "integrity": "sha512-vvNdu3woSbhFOW3/kXJL37W3Hn9c2+dFXmxVDSmOhc77cNL+3geNdQ6XBiZ/0jDdCBt7CUbXfKQQzptXdLipdw=="
    }
  }
}
